{
  "name": "ui",
  "version": "1.0.0",
  "lockfileVersion": 2,
  "requires": true,
  "packages": {
    "": {
      "name": "ui",
      "version": "1.0.0",
      "license": "ISC",
      "dependencies": {
        "@github/catalyst": "^1.6.0"
      },
      "devDependencies": {
        "@primer/css": "^20.8.0",
        "esbuild": "^0.17.18",
        "typescript": "^5.0.4"
      }
    },
    "node_modules/@esbuild/android-arm": {
      "version": "0.17.18",
      "resolved": "https://registry.npmjs.org/@esbuild/android-arm/-/android-arm-0.17.18.tgz",
      "integrity": "sha512-EmwL+vUBZJ7mhFCs5lA4ZimpUH3WMAoqvOIYhVQwdIgSpHC8ImHdsRyhHAVxpDYUSm0lWvd63z0XH1IlImS2Qw==",
      "cpu": [
        "arm"
      ],
      "dev": true,
      "optional": true,
      "os": [
        "android"
      ],
      "engines": {
        "node": ">=12"
      }
    },
    "node_modules/@esbuild/android-arm64": {
      "version": "0.17.18",
      "resolved": "https://registry.npmjs.org/@esbuild/android-arm64/-/android-arm64-0.17.18.tgz",
      "integrity": "sha512-/iq0aK0eeHgSC3z55ucMAHO05OIqmQehiGay8eP5l/5l+iEr4EIbh4/MI8xD9qRFjqzgkc0JkX0LculNC9mXBw==",
      "cpu": [
        "arm64"
      ],
      "dev": true,
      "optional": true,
      "os": [
        "android"
      ],
      "engines": {
        "node": ">=12"
      }
    },
    "node_modules/@esbuild/android-x64": {
      "version": "0.17.18",
      "resolved": "https://registry.npmjs.org/@esbuild/android-x64/-/android-x64-0.17.18.tgz",
      "integrity": "sha512-x+0efYNBF3NPW2Xc5bFOSFW7tTXdAcpfEg2nXmxegm4mJuVeS+i109m/7HMiOQ6M12aVGGFlqJX3RhNdYM2lWg==",
      "cpu": [
        "x64"
      ],
      "dev": true,
      "optional": true,
      "os": [
        "android"
      ],
      "engines": {
        "node": ">=12"
      }
    },
    "node_modules/@esbuild/darwin-arm64": {
      "version": "0.17.18",
      "resolved": "https://registry.npmjs.org/@esbuild/darwin-arm64/-/darwin-arm64-0.17.18.tgz",
      "integrity": "sha512-6tY+djEAdF48M1ONWnQb1C+6LiXrKjmqjzPNPWXhu/GzOHTHX2nh8Mo2ZAmBFg0kIodHhciEgUBtcYCAIjGbjQ==",
      "cpu": [
        "arm64"
      ],
      "dev": true,
      "optional": true,
      "os": [
        "darwin"
      ],
      "engines": {
        "node": ">=12"
      }
    },
    "node_modules/@esbuild/darwin-x64": {
      "version": "0.17.18",
      "resolved": "https://registry.npmjs.org/@esbuild/darwin-x64/-/darwin-x64-0.17.18.tgz",
      "integrity": "sha512-Qq84ykvLvya3dO49wVC9FFCNUfSrQJLbxhoQk/TE1r6MjHo3sFF2tlJCwMjhkBVq3/ahUisj7+EpRSz0/+8+9A==",
      "cpu": [
        "x64"
      ],
      "dev": true,
      "optional": true,
      "os": [
        "darwin"
      ],
      "engines": {
        "node": ">=12"
      }
    },
    "node_modules/@esbuild/freebsd-arm64": {
      "version": "0.17.18",
      "resolved": "https://registry.npmjs.org/@esbuild/freebsd-arm64/-/freebsd-arm64-0.17.18.tgz",
      "integrity": "sha512-fw/ZfxfAzuHfaQeMDhbzxp9mc+mHn1Y94VDHFHjGvt2Uxl10mT4CDavHm+/L9KG441t1QdABqkVYwakMUeyLRA==",
      "cpu": [
        "arm64"
      ],
      "dev": true,
      "optional": true,
      "os": [
        "freebsd"
      ],
      "engines": {
        "node": ">=12"
      }
    },
    "node_modules/@esbuild/freebsd-x64": {
      "version": "0.17.18",
      "resolved": "https://registry.npmjs.org/@esbuild/freebsd-x64/-/freebsd-x64-0.17.18.tgz",
      "integrity": "sha512-FQFbRtTaEi8ZBi/A6kxOC0V0E9B/97vPdYjY9NdawyLd4Qk5VD5g2pbWN2VR1c0xhzcJm74HWpObPszWC+qTew==",
      "cpu": [
        "x64"
      ],
      "dev": true,
      "optional": true,
      "os": [
        "freebsd"
      ],
      "engines": {
        "node": ">=12"
      }
    },
    "node_modules/@esbuild/linux-arm": {
      "version": "0.17.18",
      "resolved": "https://registry.npmjs.org/@esbuild/linux-arm/-/linux-arm-0.17.18.tgz",
      "integrity": "sha512-jW+UCM40LzHcouIaqv3e/oRs0JM76JfhHjCavPxMUti7VAPh8CaGSlS7cmyrdpzSk7A+8f0hiedHqr/LMnfijg==",
      "cpu": [
        "arm"
      ],
      "dev": true,
      "optional": true,
      "os": [
        "linux"
      ],
      "engines": {
        "node": ">=12"
      }
    },
    "node_modules/@esbuild/linux-arm64": {
      "version": "0.17.18",
      "resolved": "https://registry.npmjs.org/@esbuild/linux-arm64/-/linux-arm64-0.17.18.tgz",
      "integrity": "sha512-R7pZvQZFOY2sxUG8P6A21eq6q+eBv7JPQYIybHVf1XkQYC+lT7nDBdC7wWKTrbvMXKRaGudp/dzZCwL/863mZQ==",
      "cpu": [
        "arm64"
      ],
      "dev": true,
      "optional": true,
      "os": [
        "linux"
      ],
      "engines": {
        "node": ">=12"
      }
    },
    "node_modules/@esbuild/linux-ia32": {
      "version": "0.17.18",
      "resolved": "https://registry.npmjs.org/@esbuild/linux-ia32/-/linux-ia32-0.17.18.tgz",
      "integrity": "sha512-ygIMc3I7wxgXIxk6j3V00VlABIjq260i967Cp9BNAk5pOOpIXmd1RFQJQX9Io7KRsthDrQYrtcx7QCof4o3ZoQ==",
      "cpu": [
        "ia32"
      ],
      "dev": true,
      "optional": true,
      "os": [
        "linux"
      ],
      "engines": {
        "node": ">=12"
      }
    },
    "node_modules/@esbuild/linux-loong64": {
      "version": "0.17.18",
      "resolved": "https://registry.npmjs.org/@esbuild/linux-loong64/-/linux-loong64-0.17.18.tgz",
      "integrity": "sha512-bvPG+MyFs5ZlwYclCG1D744oHk1Pv7j8psF5TfYx7otCVmcJsEXgFEhQkbhNW8otDHL1a2KDINW20cfCgnzgMQ==",
      "cpu": [
        "loong64"
      ],
      "dev": true,
      "optional": true,
      "os": [
        "linux"
      ],
      "engines": {
        "node": ">=12"
      }
    },
    "node_modules/@esbuild/linux-mips64el": {
      "version": "0.17.18",
      "resolved": "https://registry.npmjs.org/@esbuild/linux-mips64el/-/linux-mips64el-0.17.18.tgz",
      "integrity": "sha512-oVqckATOAGuiUOa6wr8TXaVPSa+6IwVJrGidmNZS1cZVx0HqkTMkqFGD2HIx9H1RvOwFeWYdaYbdY6B89KUMxA==",
      "cpu": [
        "mips64el"
      ],
      "dev": true,
      "optional": true,
      "os": [
        "linux"
      ],
      "engines": {
        "node": ">=12"
      }
    },
    "node_modules/@esbuild/linux-ppc64": {
      "version": "0.17.18",
      "resolved": "https://registry.npmjs.org/@esbuild/linux-ppc64/-/linux-ppc64-0.17.18.tgz",
      "integrity": "sha512-3dLlQO+b/LnQNxgH4l9rqa2/IwRJVN9u/bK63FhOPB4xqiRqlQAU0qDU3JJuf0BmaH0yytTBdoSBHrb2jqc5qQ==",
      "cpu": [
        "ppc64"
      ],
      "dev": true,
      "optional": true,
      "os": [
        "linux"
      ],
      "engines": {
        "node": ">=12"
      }
    },
    "node_modules/@esbuild/linux-riscv64": {
      "version": "0.17.18",
      "resolved": "https://registry.npmjs.org/@esbuild/linux-riscv64/-/linux-riscv64-0.17.18.tgz",
      "integrity": "sha512-/x7leOyDPjZV3TcsdfrSI107zItVnsX1q2nho7hbbQoKnmoeUWjs+08rKKt4AUXju7+3aRZSsKrJtaRmsdL1xA==",
      "cpu": [
        "riscv64"
      ],
      "dev": true,
      "optional": true,
      "os": [
        "linux"
      ],
      "engines": {
        "node": ">=12"
      }
    },
    "node_modules/@esbuild/linux-s390x": {
      "version": "0.17.18",
      "resolved": "https://registry.npmjs.org/@esbuild/linux-s390x/-/linux-s390x-0.17.18.tgz",
      "integrity": "sha512-cX0I8Q9xQkL/6F5zWdYmVf5JSQt+ZfZD2bJudZrWD+4mnUvoZ3TDDXtDX2mUaq6upMFv9FlfIh4Gfun0tbGzuw==",
      "cpu": [
        "s390x"
      ],
      "dev": true,
      "optional": true,
      "os": [
        "linux"
      ],
      "engines": {
        "node": ">=12"
      }
    },
    "node_modules/@esbuild/linux-x64": {
      "version": "0.17.18",
      "resolved": "https://registry.npmjs.org/@esbuild/linux-x64/-/linux-x64-0.17.18.tgz",
      "integrity": "sha512-66RmRsPlYy4jFl0vG80GcNRdirx4nVWAzJmXkevgphP1qf4dsLQCpSKGM3DUQCojwU1hnepI63gNZdrr02wHUA==",
      "cpu": [
        "x64"
      ],
      "dev": true,
      "optional": true,
      "os": [
        "linux"
      ],
      "engines": {
        "node": ">=12"
      }
    },
    "node_modules/@esbuild/netbsd-x64": {
      "version": "0.17.18",
      "resolved": "https://registry.npmjs.org/@esbuild/netbsd-x64/-/netbsd-x64-0.17.18.tgz",
      "integrity": "sha512-95IRY7mI2yrkLlTLb1gpDxdC5WLC5mZDi+kA9dmM5XAGxCME0F8i4bYH4jZreaJ6lIZ0B8hTrweqG1fUyW7jbg==",
      "cpu": [
        "x64"
      ],
      "dev": true,
      "optional": true,
      "os": [
        "netbsd"
      ],
      "engines": {
        "node": ">=12"
      }
    },
    "node_modules/@esbuild/openbsd-x64": {
      "version": "0.17.18",
      "resolved": "https://registry.npmjs.org/@esbuild/openbsd-x64/-/openbsd-x64-0.17.18.tgz",
      "integrity": "sha512-WevVOgcng+8hSZ4Q3BKL3n1xTv5H6Nb53cBrtzzEjDbbnOmucEVcZeGCsCOi9bAOcDYEeBZbD2SJNBxlfP3qiA==",
      "cpu": [
        "x64"
      ],
      "dev": true,
      "optional": true,
      "os": [
        "openbsd"
      ],
      "engines": {
        "node": ">=12"
      }
    },
    "node_modules/@esbuild/sunos-x64": {
      "version": "0.17.18",
      "resolved": "https://registry.npmjs.org/@esbuild/sunos-x64/-/sunos-x64-0.17.18.tgz",
      "integrity": "sha512-Rzf4QfQagnwhQXVBS3BYUlxmEbcV7MY+BH5vfDZekU5eYpcffHSyjU8T0xucKVuOcdCsMo+Ur5wmgQJH2GfNrg==",
      "cpu": [
        "x64"
      ],
      "dev": true,
      "optional": true,
      "os": [
        "sunos"
      ],
      "engines": {
        "node": ">=12"
      }
    },
    "node_modules/@esbuild/win32-arm64": {
      "version": "0.17.18",
      "resolved": "https://registry.npmjs.org/@esbuild/win32-arm64/-/win32-arm64-0.17.18.tgz",
      "integrity": "sha512-Kb3Ko/KKaWhjeAm2YoT/cNZaHaD1Yk/pa3FTsmqo9uFh1D1Rfco7BBLIPdDOozrObj2sahslFuAQGvWbgWldAg==",
      "cpu": [
        "arm64"
      ],
      "dev": true,
      "optional": true,
      "os": [
        "win32"
      ],
      "engines": {
        "node": ">=12"
      }
    },
    "node_modules/@esbuild/win32-ia32": {
      "version": "0.17.18",
      "resolved": "https://registry.npmjs.org/@esbuild/win32-ia32/-/win32-ia32-0.17.18.tgz",
      "integrity": "sha512-0/xUMIdkVHwkvxfbd5+lfG7mHOf2FRrxNbPiKWg9C4fFrB8H0guClmaM3BFiRUYrznVoyxTIyC/Ou2B7QQSwmw==",
      "cpu": [
        "ia32"
      ],
      "dev": true,
      "optional": true,
      "os": [
        "win32"
      ],
      "engines": {
        "node": ">=12"
      }
    },
    "node_modules/@esbuild/win32-x64": {
      "version": "0.17.18",
      "resolved": "https://registry.npmjs.org/@esbuild/win32-x64/-/win32-x64-0.17.18.tgz",
      "integrity": "sha512-qU25Ma1I3NqTSHJUOKi9sAH1/Mzuvlke0ioMJRthLXKm7JiSKVwFghlGbDLOO2sARECGhja4xYfRAZNPAkooYg==",
      "cpu": [
        "x64"
      ],
      "dev": true,
      "optional": true,
      "os": [
        "win32"
      ],
      "engines": {
        "node": ">=12"
      }
    },
    "node_modules/@github/auto-check-element": {
      "version": "5.2.0",
      "resolved": "https://registry.npmjs.org/@github/auto-check-element/-/auto-check-element-5.2.0.tgz",
      "integrity": "sha512-YODZZUSeoZVJQ04p73MAohrEK37SJlVRDUTaFiPYse9K3z3bNEm+ekq5qYCIyDKGgX7hUhr3WZF35qHxr/zu0Q==",
      "dev": true,
      "dependencies": {
        "@github/mini-throttle": "^1.0.7"
      }
    },
    "node_modules/@github/auto-check-element/node_modules/@github/mini-throttle": {
      "version": "1.0.7",
      "resolved": "https://registry.npmjs.org/@github/mini-throttle/-/mini-throttle-1.0.7.tgz",
      "integrity": "sha512-1fzCDXpxI4J59pNmO0r0Y1g+R8Sa2B5ersce8AuFu5STMu7b++9osdedK0zWduYowBIgsPQZihJBN19WrAF64g==",
      "dev": true
    },
    "node_modules/@github/auto-complete-element": {
      "version": "3.3.4",
      "resolved": "https://registry.npmjs.org/@github/auto-complete-element/-/auto-complete-element-3.3.4.tgz",
      "integrity": "sha512-b9SBCLIQGfCI3G0pGYE8rBSUDON5iFKUgHXgAtVdgZii0dnLFxNl5tn1R/RaBEFdzBQPDl9vqu41TF/Hs3w8FA==",
      "dev": true,
      "dependencies": {
        "@github/combobox-nav": "^2.0.2"
      }
    },
    "node_modules/@github/catalyst": {
      "version": "1.6.0",
      "resolved": "https://registry.npmjs.org/@github/catalyst/-/catalyst-1.6.0.tgz",
      "integrity": "sha512-u8A+DameixqpeyHzvnJWTGj+wfiskQOYHzSiJscCWVfMkIT3rxnbHMtGh3lMthaRY21nbUOK71WcsCnCrXhBJQ=="
    },
    "node_modules/@github/clipboard-copy-element": {
      "version": "1.1.2",
      "resolved": "https://registry.npmjs.org/@github/clipboard-copy-element/-/clipboard-copy-element-1.1.2.tgz",
      "integrity": "sha512-L6CMrcA5we0udafvoSuRCE/Ci/3xrLWKYRGup2IlhxF771bQYsQ2EB1of182pI8ZWM4oxgwzu37+igMeoZjN/A==",
      "dev": true
    },
    "node_modules/@github/combobox-nav": {
      "version": "2.1.5",
      "resolved": "https://registry.npmjs.org/@github/combobox-nav/-/combobox-nav-2.1.5.tgz",
      "integrity": "sha512-dmG1PuppNKHnBBEcfylWDwj9SSxd/E/qd8mC1G/klQC3s7ps5q6JZ034mwkkG0LKfI+Y+UgEua/ROD776N400w==",
      "dev": true
    },
    "node_modules/@github/details-menu-element": {
      "version": "1.0.13",
      "resolved": "https://registry.npmjs.org/@github/details-menu-element/-/details-menu-element-1.0.13.tgz",
      "integrity": "sha512-gMkii86w/oUP5dq8yOWZn1sgbgtFj3AYETxxtpsqRggZktgd8te4+npAn4Hm+936c/lxmEzXqfjARL/CzGR4+w==",
      "dev": true
    },
    "node_modules/@github/image-crop-element": {
      "version": "5.0.0",
      "resolved": "https://registry.npmjs.org/@github/image-crop-element/-/image-crop-element-5.0.0.tgz",
      "integrity": "sha512-Vgm2OwWAs1ESoib/t5sjxsAYo6YTOxxAjWDRxswX7qrqoyCejTZ3hshdo4Ep5e+Mz/GVTZC3rdMtg06dk/eT4g==",
      "dev": true
    },
    "node_modules/@github/mini-throttle": {
      "version": "2.1.0",
      "resolved": "https://registry.npmjs.org/@github/mini-throttle/-/mini-throttle-2.1.0.tgz",
      "integrity": "sha512-iEeR2OdVCPkdIPUszL8gJnKNu4MR8ANh7y0u/LPyaatYezgaWxUZEzhFntloqQq+HE6MZkFy+cl+xzCNuljOdw==",
      "dev": true
    },
    "node_modules/@github/relative-time-element": {
      "version": "4.1.5",
      "resolved": "https://registry.npmjs.org/@github/relative-time-element/-/relative-time-element-4.1.5.tgz",
      "integrity": "sha512-WAf1EQV5Sn6jGuAIQur/ztKlEV9R+VHDNwqEbeaOb6s9fiwM5z7+ujlWNZtgFkDp3lF0H8D/f0vdiPlfHz0ZTQ==",
      "dev": true
    },
    "node_modules/@github/tab-container-element": {
      "version": "3.2.0",
      "resolved": "https://registry.npmjs.org/@github/tab-container-element/-/tab-container-element-3.2.0.tgz",
      "integrity": "sha512-to5ZJuywKK3KX53X1ifOcWjvUTQcBGdQ6Qkhm8L97xQ3ovICag1048M3YMpc+QSdr8xWeCBMnLeMnENqotB0Og==",
      "dev": true
    },
    "node_modules/@primer/behaviors": {
      "version": "1.3.1",
      "resolved": "https://registry.npmjs.org/@primer/behaviors/-/behaviors-1.3.1.tgz",
      "integrity": "sha512-aMRDUQ350lk0FxtL5gJWPFHHOSSzDbJ6uNJVIt8XSqiGe1pxuW5mVVfrEp1uvzZ0pCHkCdm9fycjnfOeMeIrOQ==",
      "dev": true
    },
    "node_modules/@primer/css": {
      "version": "20.8.0",
      "resolved": "https://registry.npmjs.org/@primer/css/-/css-20.8.0.tgz",
      "integrity": "sha512-ybrROX5Qaurqidl4QlSC7AwZ1fTKODlQQDkncOXzHoFM0xe2aMH4zvGXz79Cz2W1sdJ4kpa8dsGqfkkcXbjalQ==",
      "dev": true,
      "dependencies": {
        "@primer/primitives": "^7.9.0",
        "@primer/view-components": "^0.0.115"
      },
      "engines": {
        "node": "^12.20.0 || ^14.13.1 || >=16.0.0"
      }
    },
    "node_modules/@primer/primitives": {
      "version": "7.10.0",
      "resolved": "https://registry.npmjs.org/@primer/primitives/-/primitives-7.10.0.tgz",
      "integrity": "sha512-DdLHq21e93R9qDHyRuRpytBLY0Up9IwNWMOUgPNW6lRSng4N4+IdUlLS3Ekbasmxfs8Z8vKS8aezeYovQ5qsxQ==",
      "dev": true
    },
    "node_modules/@primer/view-components": {
      "version": "0.0.115",
      "resolved": "https://registry.npmjs.org/@primer/view-components/-/view-components-0.0.115.tgz",
      "integrity": "sha512-Qo6vNE0/UK6azsu9wTpb9AneHpM2FkA/saZ6UB1kvRttD5M0d/xto8sqq6b45QkKukqIlS4MhzyyvLIvC6rI1g==",
      "dev": true,
      "dependencies": {
        "@github/auto-check-element": "^5.2.0",
        "@github/auto-complete-element": "^3.3.4",
        "@github/catalyst": "^1.6.0",
        "@github/clipboard-copy-element": "^1.1.2",
        "@github/details-menu-element": "^1.0.12",
        "@github/image-crop-element": "^5.0.0",
        "@github/mini-throttle": "^2.1.0",
        "@github/relative-time-element": "^4.0.0",
        "@github/tab-container-element": "^3.1.2",
        "@primer/behaviors": "^1.2.0"
      }
    },
    "node_modules/esbuild": {
      "version": "0.17.18",
      "resolved": "https://registry.npmjs.org/esbuild/-/esbuild-0.17.18.tgz",
      "integrity": "sha512-z1lix43jBs6UKjcZVKOw2xx69ffE2aG0PygLL5qJ9OS/gy0Ewd1gW/PUQIOIQGXBHWNywSc0floSKoMFF8aK2w==",
      "dev": true,
      "hasInstallScript": true,
      "bin": {
        "esbuild": "bin/esbuild"
      },
      "engines": {
        "node": ">=12"
      },
      "optionalDependencies": {
        "@esbuild/android-arm": "0.17.18",
        "@esbuild/android-arm64": "0.17.18",
        "@esbuild/android-x64": "0.17.18",
        "@esbuild/darwin-arm64": "0.17.18",
        "@esbuild/darwin-x64": "0.17.18",
        "@esbuild/freebsd-arm64": "0.17.18",
        "@esbuild/freebsd-x64": "0.17.18",
        "@esbuild/linux-arm": "0.17.18",
        "@esbuild/linux-arm64": "0.17.18",
        "@esbuild/linux-ia32": "0.17.18",
        "@esbuild/linux-loong64": "0.17.18",
        "@esbuild/linux-mips64el": "0.17.18",
        "@esbuild/linux-ppc64": "0.17.18",
        "@esbuild/linux-riscv64": "0.17.18",
        "@esbuild/linux-s390x": "0.17.18",
        "@esbuild/linux-x64": "0.17.18",
        "@esbuild/netbsd-x64": "0.17.18",
        "@esbuild/openbsd-x64": "0.17.18",
        "@esbuild/sunos-x64": "0.17.18",
        "@esbuild/win32-arm64": "0.17.18",
        "@esbuild/win32-ia32": "0.17.18",
        "@esbuild/win32-x64": "0.17.18"
      }
    },
    "node_modules/typescript": {
      "version": "5.0.4",
      "resolved": "https://registry.npmjs.org/typescript/-/typescript-5.0.4.tgz",
      "integrity": "sha512-cW9T5W9xY37cc+jfEnaUvX91foxtHkza3Nw3wkoF4sSlKn0MONdkdEndig/qPBWXNkmplh3NzayQzCiHM4/hqw==",
      "dev": true,
      "bin": {
        "tsc": "bin/tsc",
        "tsserver": "bin/tsserver"
      },
      "engines": {
        "node": ">=12.20"
      }
    }
  },
  "dependencies": {
    "@esbuild/android-arm": {
      "version": "0.17.18",
      "resolved": "https://registry.npmjs.org/@esbuild/android-arm/-/android-arm-0.17.18.tgz",
      "integrity": "sha512-EmwL+vUBZJ7mhFCs5lA4ZimpUH3WMAoqvOIYhVQwdIgSpHC8ImHdsRyhHAVxpDYUSm0lWvd63z0XH1IlImS2Qw==",
      "dev": true,
      "optional": true
    },
    "@esbuild/android-arm64": {
      "version": "0.17.18",
      "resolved": "https://registry.npmjs.org/@esbuild/android-arm64/-/android-arm64-0.17.18.tgz",
      "integrity": "sha512-/iq0aK0eeHgSC3z55ucMAHO05OIqmQehiGay8eP5l/5l+iEr4EIbh4/MI8xD9qRFjqzgkc0JkX0LculNC9mXBw==",
      "dev": true,
      "optional": true
    },
    "@esbuild/android-x64": {
      "version": "0.17.18",
      "resolved": "https://registry.npmjs.org/@esbuild/android-x64/-/android-x64-0.17.18.tgz",
      "integrity": "sha512-x+0efYNBF3NPW2Xc5bFOSFW7tTXdAcpfEg2nXmxegm4mJuVeS+i109m/7HMiOQ6M12aVGGFlqJX3RhNdYM2lWg==",
      "dev": true,
      "optional": true
    },
    "@esbuild/darwin-arm64": {
      "version": "0.17.18",
      "resolved": "https://registry.npmjs.org/@esbuild/darwin-arm64/-/darwin-arm64-0.17.18.tgz",
      "integrity": "sha512-6tY+djEAdF48M1ONWnQb1C+6LiXrKjmqjzPNPWXhu/GzOHTHX2nh8Mo2ZAmBFg0kIodHhciEgUBtcYCAIjGbjQ==",
      "dev": true,
      "optional": true
    },
    "@esbuild/darwin-x64": {
      "version": "0.17.18",
      "resolved": "https://registry.npmjs.org/@esbuild/darwin-x64/-/darwin-x64-0.17.18.tgz",
      "integrity": "sha512-Qq84ykvLvya3dO49wVC9FFCNUfSrQJLbxhoQk/TE1r6MjHo3sFF2tlJCwMjhkBVq3/ahUisj7+EpRSz0/+8+9A==",
      "dev": true,
      "optional": true
    },
    "@esbuild/freebsd-arm64": {
      "version": "0.17.18",
      "resolved": "https://registry.npmjs.org/@esbuild/freebsd-arm64/-/freebsd-arm64-0.17.18.tgz",
      "integrity": "sha512-fw/ZfxfAzuHfaQeMDhbzxp9mc+mHn1Y94VDHFHjGvt2Uxl10mT4CDavHm+/L9KG441t1QdABqkVYwakMUeyLRA==",
      "dev": true,
      "optional": true
    },
    "@esbuild/freebsd-x64": {
      "version": "0.17.18",
      "resolved": "https://registry.npmjs.org/@esbuild/freebsd-x64/-/freebsd-x64-0.17.18.tgz",
      "integrity": "sha512-FQFbRtTaEi8ZBi/A6kxOC0V0E9B/97vPdYjY9NdawyLd4Qk5VD5g2pbWN2VR1c0xhzcJm74HWpObPszWC+qTew==",
      "dev": true,
      "optional": true
    },
    "@esbuild/linux-arm": {
      "version": "0.17.18",
      "resolved": "https://registry.npmjs.org/@esbuild/linux-arm/-/linux-arm-0.17.18.tgz",
      "integrity": "sha512-jW+UCM40LzHcouIaqv3e/oRs0JM76JfhHjCavPxMUti7VAPh8CaGSlS7cmyrdpzSk7A+8f0hiedHqr/LMnfijg==",
      "dev": true,
      "optional": true
    },
    "@esbuild/linux-arm64": {
      "version": "0.17.18",
      "resolved": "https://registry.npmjs.org/@esbuild/linux-arm64/-/linux-arm64-0.17.18.tgz",
      "integrity": "sha512-R7pZvQZFOY2sxUG8P6A21eq6q+eBv7JPQYIybHVf1XkQYC+lT7nDBdC7wWKTrbvMXKRaGudp/dzZCwL/863mZQ==",
      "dev": true,
      "optional": true
    },
    "@esbuild/linux-ia32": {
      "version": "0.17.18",
      "resolved": "https://registry.npmjs.org/@esbuild/linux-ia32/-/linux-ia32-0.17.18.tgz",
      "integrity": "sha512-ygIMc3I7wxgXIxk6j3V00VlABIjq260i967Cp9BNAk5pOOpIXmd1RFQJQX9Io7KRsthDrQYrtcx7QCof4o3ZoQ==",
      "dev": true,
      "optional": true
    },
    "@esbuild/linux-loong64": {
      "version": "0.17.18",
      "resolved": "https://registry.npmjs.org/@esbuild/linux-loong64/-/linux-loong64-0.17.18.tgz",
      "integrity": "sha512-bvPG+MyFs5ZlwYclCG1D744oHk1Pv7j8psF5TfYx7otCVmcJsEXgFEhQkbhNW8otDHL1a2KDINW20cfCgnzgMQ==",
      "dev": true,
      "optional": true
    },
    "@esbuild/linux-mips64el": {
      "version": "0.17.18",
      "resolved": "https://registry.npmjs.org/@esbuild/linux-mips64el/-/linux-mips64el-0.17.18.tgz",
      "integrity": "sha512-oVqckATOAGuiUOa6wr8TXaVPSa+6IwVJrGidmNZS1cZVx0HqkTMkqFGD2HIx9H1RvOwFeWYdaYbdY6B89KUMxA==",
      "dev": true,
      "optional": true
    },
    "@esbuild/linux-ppc64": {
      "version": "0.17.18",
      "resolved": "https://registry.npmjs.org/@esbuild/linux-ppc64/-/linux-ppc64-0.17.18.tgz",
      "integrity": "sha512-3dLlQO+b/LnQNxgH4l9rqa2/IwRJVN9u/bK63FhOPB4xqiRqlQAU0qDU3JJuf0BmaH0yytTBdoSBHrb2jqc5qQ==",
      "dev": true,
      "optional": true
    },
    "@esbuild/linux-riscv64": {
      "version": "0.17.18",
      "resolved": "https://registry.npmjs.org/@esbuild/linux-riscv64/-/linux-riscv64-0.17.18.tgz",
      "integrity": "sha512-/x7leOyDPjZV3TcsdfrSI107zItVnsX1q2nho7hbbQoKnmoeUWjs+08rKKt4AUXju7+3aRZSsKrJtaRmsdL1xA==",
      "dev": true,
      "optional": true
    },
    "@esbuild/linux-s390x": {
      "version": "0.17.18",
      "resolved": "https://registry.npmjs.org/@esbuild/linux-s390x/-/linux-s390x-0.17.18.tgz",
      "integrity": "sha512-cX0I8Q9xQkL/6F5zWdYmVf5JSQt+ZfZD2bJudZrWD+4mnUvoZ3TDDXtDX2mUaq6upMFv9FlfIh4Gfun0tbGzuw==",
      "dev": true,
      "optional": true
    },
    "@esbuild/linux-x64": {
      "version": "0.17.18",
      "resolved": "https://registry.npmjs.org/@esbuild/linux-x64/-/linux-x64-0.17.18.tgz",
      "integrity": "sha512-66RmRsPlYy4jFl0vG80GcNRdirx4nVWAzJmXkevgphP1qf4dsLQCpSKGM3DUQCojwU1hnepI63gNZdrr02wHUA==",
      "dev": true,
      "optional": true
    },
    "@esbuild/netbsd-x64": {
      "version": "0.17.18",
      "resolved": "https://registry.npmjs.org/@esbuild/netbsd-x64/-/netbsd-x64-0.17.18.tgz",
      "integrity": "sha512-95IRY7mI2yrkLlTLb1gpDxdC5WLC5mZDi+kA9dmM5XAGxCME0F8i4bYH4jZreaJ6lIZ0B8hTrweqG1fUyW7jbg==",
      "dev": true,
      "optional": true
    },
    "@esbuild/openbsd-x64": {
      "version": "0.17.18",
      "resolved": "https://registry.npmjs.org/@esbuild/openbsd-x64/-/openbsd-x64-0.17.18.tgz",
      "integrity": "sha512-WevVOgcng+8hSZ4Q3BKL3n1xTv5H6Nb53cBrtzzEjDbbnOmucEVcZeGCsCOi9bAOcDYEeBZbD2SJNBxlfP3qiA==",
      "dev": true,
      "optional": true
    },
    "@esbuild/sunos-x64": {
      "version": "0.17.18",
      "resolved": "https://registry.npmjs.org/@esbuild/sunos-x64/-/sunos-x64-0.17.18.tgz",
      "integrity": "sha512-Rzf4QfQagnwhQXVBS3BYUlxmEbcV7MY+BH5vfDZekU5eYpcffHSyjU8T0xucKVuOcdCsMo+Ur5wmgQJH2GfNrg==",
      "dev": true,
      "optional": true
    },
    "@esbuild/win32-arm64": {
      "version": "0.17.18",
      "resolved": "https://registry.npmjs.org/@esbuild/win32-arm64/-/win32-arm64-0.17.18.tgz",
      "integrity": "sha512-Kb3Ko/KKaWhjeAm2YoT/cNZaHaD1Yk/pa3FTsmqo9uFh1D1Rfco7BBLIPdDOozrObj2sahslFuAQGvWbgWldAg==",
      "dev": true,
      "optional": true
    },
    "@esbuild/win32-ia32": {
      "version": "0.17.18",
      "resolved": "https://registry.npmjs.org/@esbuild/win32-ia32/-/win32-ia32-0.17.18.tgz",
      "integrity": "sha512-0/xUMIdkVHwkvxfbd5+lfG7mHOf2FRrxNbPiKWg9C4fFrB8H0guClmaM3BFiRUYrznVoyxTIyC/Ou2B7QQSwmw==",
      "dev": true,
      "optional": true
    },
    "@esbuild/win32-x64": {
      "version": "0.17.18",
      "resolved": "https://registry.npmjs.org/@esbuild/win32-x64/-/win32-x64-0.17.18.tgz",
      "integrity": "sha512-qU25Ma1I3NqTSHJUOKi9sAH1/Mzuvlke0ioMJRthLXKm7JiSKVwFghlGbDLOO2sARECGhja4xYfRAZNPAkooYg==",
      "dev": true,
      "optional": true
    },
    "@github/auto-check-element": {
      "version": "5.2.0",
      "resolved": "https://registry.npmjs.org/@github/auto-check-element/-/auto-check-element-5.2.0.tgz",
      "integrity": "sha512-YODZZUSeoZVJQ04p73MAohrEK37SJlVRDUTaFiPYse9K3z3bNEm+ekq5qYCIyDKGgX7hUhr3WZF35qHxr/zu0Q==",
      "dev": true,
      "requires": {
        "@github/mini-throttle": "^1.0.7"
      },
      "dependencies": {
        "@github/mini-throttle": {
          "version": "1.0.7",
          "resolved": "https://registry.npmjs.org/@github/mini-throttle/-/mini-throttle-1.0.7.tgz",
          "integrity": "sha512-1fzCDXpxI4J59pNmO0r0Y1g+R8Sa2B5ersce8AuFu5STMu7b++9osdedK0zWduYowBIgsPQZihJBN19WrAF64g==",
          "dev": true
        }
      }
    },
    "@github/auto-complete-element": {
      "version": "3.3.4",
      "resolved": "https://registry.npmjs.org/@github/auto-complete-element/-/auto-complete-element-3.3.4.tgz",
      "integrity": "sha512-b9SBCLIQGfCI3G0pGYE8rBSUDON5iFKUgHXgAtVdgZii0dnLFxNl5tn1R/RaBEFdzBQPDl9vqu41TF/Hs3w8FA==",
      "dev": true,
      "requires": {
        "@github/combobox-nav": "^2.0.2"
      }
    },
    "@github/catalyst": {
      "version": "1.6.0",
      "resolved": "https://registry.npmjs.org/@github/catalyst/-/catalyst-1.6.0.tgz",
      "integrity": "sha512-u8A+DameixqpeyHzvnJWTGj+wfiskQOYHzSiJscCWVfMkIT3rxnbHMtGh3lMthaRY21nbUOK71WcsCnCrXhBJQ=="
    },
    "@github/clipboard-copy-element": {
      "version": "1.1.2",
      "resolved": "https://registry.npmjs.org/@github/clipboard-copy-element/-/clipboard-copy-element-1.1.2.tgz",
      "integrity": "sha512-L6CMrcA5we0udafvoSuRCE/Ci/3xrLWKYRGup2IlhxF771bQYsQ2EB1of182pI8ZWM4oxgwzu37+igMeoZjN/A==",
      "dev": true
    },
    "@github/combobox-nav": {
      "version": "2.1.5",
      "resolved": "https://registry.npmjs.org/@github/combobox-nav/-/combobox-nav-2.1.5.tgz",
      "integrity": "sha512-dmG1PuppNKHnBBEcfylWDwj9SSxd/E/qd8mC1G/klQC3s7ps5q6JZ034mwkkG0LKfI+Y+UgEua/ROD776N400w==",
      "dev": true
    },
    "@github/details-menu-element": {
      "version": "1.0.13",
      "resolved": "https://registry.npmjs.org/@github/details-menu-element/-/details-menu-element-1.0.13.tgz",
      "integrity": "sha512-gMkii86w/oUP5dq8yOWZn1sgbgtFj3AYETxxtpsqRggZktgd8te4+npAn4Hm+936c/lxmEzXqfjARL/CzGR4+w==",
      "dev": true
    },
    "@github/image-crop-element": {
      "version": "5.0.0",
      "resolved": "https://registry.npmjs.org/@github/image-crop-element/-/image-crop-element-5.0.0.tgz",
      "integrity": "sha512-Vgm2OwWAs1ESoib/t5sjxsAYo6YTOxxAjWDRxswX7qrqoyCejTZ3hshdo4Ep5e+Mz/GVTZC3rdMtg06dk/eT4g==",
      "dev": true
    },
    "@github/mini-throttle": {
      "version": "2.1.0",
      "resolved": "https://registry.npmjs.org/@github/mini-throttle/-/mini-throttle-2.1.0.tgz",
      "integrity": "sha512-iEeR2OdVCPkdIPUszL8gJnKNu4MR8ANh7y0u/LPyaatYezgaWxUZEzhFntloqQq+HE6MZkFy+cl+xzCNuljOdw==",
      "dev": true
    },
    "@github/relative-time-element": {
      "version": "4.1.5",
      "resolved": "https://registry.npmjs.org/@github/relative-time-element/-/relative-time-element-4.1.5.tgz",
      "integrity": "sha512-WAf1EQV5Sn6jGuAIQur/ztKlEV9R+VHDNwqEbeaOb6s9fiwM5z7+ujlWNZtgFkDp3lF0H8D/f0vdiPlfHz0ZTQ==",
      "dev": true
    },
    "@github/tab-container-element": {
      "version": "3.2.0",
      "resolved": "https://registry.npmjs.org/@github/tab-container-element/-/tab-container-element-3.2.0.tgz",
      "integrity": "sha512-to5ZJuywKK3KX53X1ifOcWjvUTQcBGdQ6Qkhm8L97xQ3ovICag1048M3YMpc+QSdr8xWeCBMnLeMnENqotB0Og==",
      "dev": true
    },
    "@primer/behaviors": {
      "version": "1.3.1",
      "resolved": "https://registry.npmjs.org/@primer/behaviors/-/behaviors-1.3.1.tgz",
      "integrity": "sha512-aMRDUQ350lk0FxtL5gJWPFHHOSSzDbJ6uNJVIt8XSqiGe1pxuW5mVVfrEp1uvzZ0pCHkCdm9fycjnfOeMeIrOQ==",
      "dev": true
    },
    "@primer/css": {
      "version": "20.8.0",
      "resolved": "https://registry.npmjs.org/@primer/css/-/css-20.8.0.tgz",
      "integrity": "sha512-ybrROX5Qaurqidl4QlSC7AwZ1fTKODlQQDkncOXzHoFM0xe2aMH4zvGXz79Cz2W1sdJ4kpa8dsGqfkkcXbjalQ==",
      "dev": true,
      "requires": {
        "@primer/primitives": "^7.9.0",
        "@primer/view-components": "^0.0.115"
      }
    },
    "@primer/primitives": {
      "version": "7.10.0",
      "resolved": "https://registry.npmjs.org/@primer/primitives/-/primitives-7.10.0.tgz",
      "integrity": "sha512-DdLHq21e93R9qDHyRuRpytBLY0Up9IwNWMOUgPNW6lRSng4N4+IdUlLS3Ekbasmxfs8Z8vKS8aezeYovQ5qsxQ==",
      "dev": true
    },
    "@primer/view-components": {
      "version": "0.0.115",
      "resolved": "https://registry.npmjs.org/@primer/view-components/-/view-components-0.0.115.tgz",
      "integrity": "sha512-Qo6vNE0/UK6azsu9wTpb9AneHpM2FkA/saZ6UB1kvRttD5M0d/xto8sqq6b45QkKukqIlS4MhzyyvLIvC6rI1g==",
      "dev": true,
      "requires": {
        "@github/auto-check-element": "^5.2.0",
        "@github/auto-complete-element": "^3.3.4",
        "@github/catalyst": "^1.6.0",
        "@github/clipboard-copy-element": "^1.1.2",
        "@github/details-menu-element": "^1.0.12",
        "@github/image-crop-element": "^5.0.0",
        "@github/mini-throttle": "^2.1.0",
        "@github/relative-time-element": "^4.0.0",
        "@github/tab-container-element": "^3.1.2",
        "@primer/behaviors": "^1.2.0"
      }
    },
    "esbuild": {
      "version": "0.17.18",
      "resolved": "https://registry.npmjs.org/esbuild/-/esbuild-0.17.18.tgz",
      "integrity": "sha512-z1lix43jBs6UKjcZVKOw2xx69ffE2aG0PygLL5qJ9OS/gy0Ewd1gW/PUQIOIQGXBHWNywSc0floSKoMFF8aK2w==",
      "dev": true,
      "requires": {
        "@esbuild/android-arm": "0.17.18",
        "@esbuild/android-arm64": "0.17.18",
        "@esbuild/android-x64": "0.17.18",
        "@esbuild/darwin-arm64": "0.17.18",
        "@esbuild/darwin-x64": "0.17.18",
        "@esbuild/freebsd-arm64": "0.17.18",
        "@esbuild/freebsd-x64": "0.17.18",
        "@esbuild/linux-arm": "0.17.18",
        "@esbuild/linux-arm64": "0.17.18",
        "@esbuild/linux-ia32": "0.17.18",
        "@esbuild/linux-loong64": "0.17.18",
        "@esbuild/linux-mips64el": "0.17.18",
        "@esbuild/linux-ppc64": "0.17.18",
        "@esbuild/linux-riscv64": "0.17.18",
        "@esbuild/linux-s390x": "0.17.18",
        "@esbuild/linux-x64": "0.17.18",
        "@esbuild/netbsd-x64": "0.17.18",
        "@esbuild/openbsd-x64": "0.17.18",
        "@esbuild/sunos-x64": "0.17.18",
        "@esbuild/win32-arm64": "0.17.18",
        "@esbuild/win32-ia32": "0.17.18",
        "@esbuild/win32-x64": "0.17.18"
      }
    },
    "typescript": {
      "version": "5.0.4",
      "resolved": "https://registry.npmjs.org/typescript/-/typescript-5.0.4.tgz",
      "integrity": "sha512-cW9T5W9xY37cc+jfEnaUvX91foxtHkza3Nw3wkoF4sSlKn0MONdkdEndig/qPBWXNkmplh3NzayQzCiHM4/hqw==",
      "dev": true
    }
  }
}
