# Generated by buf. DO NOT EDIT.
version: v1
deps:
  - remote: buf.build
    owner: opentelemetry
    repository: opentelemetry
    commit: 7fa05f4b0c8d4d528ada2f528839769b
    digest: shake256:c130269a81390c31a8c0ef7524c130044cd68a8df21012346cac31f232d5cf2967848b3d2645322c5a381c76be4f42328e43c0c612e35b9f50dba359e3dff77b
